
Microsoft Visual Studio Solution File, Format Version 9.00
# Visual Studio 2005
Project("{8BC9CEB8-8B4A-11D0-8D11-00A0C91BC942}") = "VPR", "Vpr.vcproj", "{EC2D5668-5625-4DF3-873F-BD2E1F33ED15}"
EndProject
Project("{8BC9CEB8-8B4A-11D0-8D11-00A0C91BC942}") = "ttnans_console_app", "Ttnans_Console\Ttnans_console_app.vcproj", "{EF6797C5-9A3E-4767-9985-362B95C4AB37}"
EndProject
Global
	GlobalSection(SolutionConfigurationPlatforms) = preSolution
		Debug|Win32 = Debug|Win32
		Release MMX|Win32 = Release MMX|Win32
		Release|Win32 = Release|Win32
	EndGlobalSection
	GlobalSection(ProjectConfigurationPlatforms) = postSolution
		{EC2D5668-5625-4DF3-873F-BD2E1F33ED15}.Debug|Win32.ActiveCfg = Debug|Win32
		{EC2D5668-5625-4DF3-873F-BD2E1F33ED15}.Debug|Win32.Build.0 = Debug|Win32
		{EC2D5668-5625-4DF3-873F-BD2E1F33ED15}.Release MMX|Win32.ActiveCfg = Release MMX|Win32
		{EC2D5668-5625-4DF3-873F-BD2E1F33ED15}.Release MMX|Win32.Build.0 = Release MMX|Win32
		{EC2D5668-5625-4DF3-873F-BD2E1F33ED15}.Release|Win32.ActiveCfg = Release|Win32
		{EC2D5668-5625-4DF3-873F-BD2E1F33ED15}.Release|Win32.Build.0 = Release|Win32
		{EF6797C5-9A3E-4767-9985-362B95C4AB37}.Debug|Win32.ActiveCfg = Debug|Win32
		{EF6797C5-9A3E-4767-9985-362B95C4AB37}.Debug|Win32.Build.0 = Debug|Win32
		{EF6797C5-9A3E-4767-9985-362B95C4AB37}.Release MMX|Win32.ActiveCfg = Release|Win32
		{EF6797C5-9A3E-4767-9985-362B95C4AB37}.Release MMX|Win32.Build.0 = Release|Win32
		{EF6797C5-9A3E-4767-9985-362B95C4AB37}.Release|Win32.ActiveCfg = Release|Win32
		{EF6797C5-9A3E-4767-9985-362B95C4AB37}.Release|Win32.Build.0 = Release|Win32
	EndGlobalSection
	GlobalSection(SolutionProperties) = preSolution
		HideSolutionNode = FALSE
	EndGlobalSection
EndGlobal
